
Microsoft Visual Studio Solution File, Format Version 12.00
# Visual Studio 15
VisualStudioVersion = 15.0.27130.2027
MinimumVisualStudioVersion = 10.0.40219.1
Project("{9A19103F-16F7-4668-BE54-9A1E7A4F7556}") = "HitmanService", "HitmanService\HitmanService.csproj", "{63F54130-1458-4B7F-92B5-FAA8575AD465}"
EndProject
Project("{9A19103F-16F7-4668-BE54-9A1E7A4F7556}") = "HitmanModel", "HitmanModel\HitmanModel.csproj", "{A1818D30-9614-4EE0-878B-05A5F77568F3}"
EndProject
Project("{9A19103F-16F7-4668-BE54-9A1E7A4F7556}") = "HitmanServiceTest", "HitmanServiceTest\HitmanServiceTest.csproj", "{BA234B18-724F-4803-BAA9-BE8744AACBFD}"
EndProject
Project("{9A19103F-16F7-4668-BE54-9A1E7A4F7556}") = "HitmanClient", "HitmanClient\HitmanClient.csproj", "{8B227CBC-FA5D-4E29-905B-133257FC0D6E}"
EndProject
Project("{FAE04EC0-301F-11D3-BF4B-00C04F79EFBC}") = "HitmanClientTest", "HitmanClientTest\HitmanClientTest.csproj", "{A6D7D35A-7ED8-4A4C-902C-B048B8510D13}"
EndProject
Global
	GlobalSection(SolutionConfigurationPlatforms) = preSolution
		Debug|Any CPU = Debug|Any CPU
		Release|Any CPU = Release|Any CPU
	EndGlobalSection
	GlobalSection(ProjectConfigurationPlatforms) = postSolution
		{63F54130-1458-4B7F-92B5-FAA8575AD465}.Debug|Any CPU.ActiveCfg = Debug|Any CPU
		{63F54130-1458-4B7F-92B5-FAA8575AD465}.Debug|Any CPU.Build.0 = Debug|Any CPU
		{63F54130-1458-4B7F-92B5-FAA8575AD465}.Release|Any CPU.ActiveCfg = Release|Any CPU
		{63F54130-1458-4B7F-92B5-FAA8575AD465}.Release|Any CPU.Build.0 = Release|Any CPU
		{A1818D30-9614-4EE0-878B-05A5F77568F3}.Debug|Any CPU.ActiveCfg = Debug|Any CPU
		{A1818D30-9614-4EE0-878B-05A5F77568F3}.Debug|Any CPU.Build.0 = Debug|Any CPU
		{A1818D30-9614-4EE0-878B-05A5F77568F3}.Release|Any CPU.ActiveCfg = Release|Any CPU
		{A1818D30-9614-4EE0-878B-05A5F77568F3}.Release|Any CPU.Build.0 = Release|Any CPU
		{BA234B18-724F-4803-BAA9-BE8744AACBFD}.Debug|Any CPU.ActiveCfg = Debug|Any CPU
		{BA234B18-724F-4803-BAA9-BE8744AACBFD}.Debug|Any CPU.Build.0 = Debug|Any CPU
		{BA234B18-724F-4803-BAA9-BE8744AACBFD}.Release|Any CPU.ActiveCfg = Release|Any CPU
		{BA234B18-724F-4803-BAA9-BE8744AACBFD}.Release|Any CPU.Build.0 = Release|Any CPU
		{8B227CBC-FA5D-4E29-905B-133257FC0D6E}.Debug|Any CPU.ActiveCfg = Debug|Any CPU
		{8B227CBC-FA5D-4E29-905B-133257FC0D6E}.Debug|Any CPU.Build.0 = Debug|Any CPU
		{8B227CBC-FA5D-4E29-905B-133257FC0D6E}.Release|Any CPU.ActiveCfg = Release|Any CPU
		{8B227CBC-FA5D-4E29-905B-133257FC0D6E}.Release|Any CPU.Build.0 = Release|Any CPU
		{A6D7D35A-7ED8-4A4C-902C-B048B8510D13}.Debug|Any CPU.ActiveCfg = Debug|Any CPU
		{A6D7D35A-7ED8-4A4C-902C-B048B8510D13}.Debug|Any CPU.Build.0 = Debug|Any CPU
		{A6D7D35A-7ED8-4A4C-902C-B048B8510D13}.Release|Any CPU.ActiveCfg = Release|Any CPU
		{A6D7D35A-7ED8-4A4C-902C-B048B8510D13}.Release|Any CPU.Build.0 = Release|Any CPU
	EndGlobalSection
	GlobalSection(SolutionProperties) = preSolution
		HideSolutionNode = FALSE
	EndGlobalSection
	GlobalSection(ExtensibilityGlobals) = postSolution
		SolutionGuid = {FE824C95-12DF-471E-A71B-2C7DCD9B94B0}
	EndGlobalSection
EndGlobal
